
Microsoft Visual Studio Solution File, Format Version 12.00
# Visual Studio Version 16
VisualStudioVersion = 16.0.31911.196
MinimumVisualStudioVersion = 10.0.40219.1
Project("{FAE04EC0-301F-11D3-BF4B-00C04F79EFBC}") = "EFCoreFun1", "EFCoreFun1\EFCoreFun1.csproj", "{2C663F59-8EC1-4ED7-AA1B-2B88D60DA7C7}"
EndProject
Project("{FAE04EC0-301F-11D3-BF4B-00C04F79EFBC}") = "EFCore1", "EFCore1\EFCore1.csproj", "{EBFC1879-B4AE-4D13-AA21-AD27041FB608}"
EndProject
Project("{FAE04EC0-301F-11D3-BF4B-00C04F79EFBC}") = "Models", "Models\Models.csproj", "{5E691643-2D5A-498D-96CD-2D532809BBAF}"
EndProject
Global
	GlobalSection(SolutionConfigurationPlatforms) = preSolution
		Debug|Any CPU = Debug|Any CPU
		Release|Any CPU = Release|Any CPU
	EndGlobalSection
	GlobalSection(ProjectConfigurationPlatforms) = postSolution
		{2C663F59-8EC1-4ED7-AA1B-2B88D60DA7C7}.Debug|Any CPU.ActiveCfg = Debug|Any CPU
		{2C663F59-8EC1-4ED7-AA1B-2B88D60DA7C7}.Debug|Any CPU.Build.0 = Debug|Any CPU
		{2C663F59-8EC1-4ED7-AA1B-2B88D60DA7C7}.Release|Any CPU.ActiveCfg = Release|Any CPU
		{2C663F59-8EC1-4ED7-AA1B-2B88D60DA7C7}.Release|Any CPU.Build.0 = Release|Any CPU
		{EBFC1879-B4AE-4D13-AA21-AD27041FB608}.Debug|Any CPU.ActiveCfg = Debug|Any CPU
		{EBFC1879-B4AE-4D13-AA21-AD27041FB608}.Debug|Any CPU.Build.0 = Debug|Any CPU
		{EBFC1879-B4AE-4D13-AA21-AD27041FB608}.Release|Any CPU.ActiveCfg = Release|Any CPU
		{EBFC1879-B4AE-4D13-AA21-AD27041FB608}.Release|Any CPU.Build.0 = Release|Any CPU
		{5E691643-2D5A-498D-96CD-2D532809BBAF}.Debug|Any CPU.ActiveCfg = Debug|Any CPU
		{5E691643-2D5A-498D-96CD-2D532809BBAF}.Debug|Any CPU.Build.0 = Debug|Any CPU
		{5E691643-2D5A-498D-96CD-2D532809BBAF}.Release|Any CPU.ActiveCfg = Release|Any CPU
		{5E691643-2D5A-498D-96CD-2D532809BBAF}.Release|Any CPU.Build.0 = Release|Any CPU
	EndGlobalSection
	GlobalSection(SolutionProperties) = preSolution
		HideSolutionNode = FALSE
	EndGlobalSection
	GlobalSection(ExtensibilityGlobals) = postSolution
		SolutionGuid = {2970D2B6-49D2-4365-AA23-033757EA7B13}
	EndGlobalSection
EndGlobal
